
Microsoft Visual Studio Solution File, Format Version 12.00
# Visual Studio Version 16
VisualStudioVersion = 16.0.30717.126
MinimumVisualStudioVersion = 10.0.40219.1
Project("{9A19103F-16F7-4668-BE54-9A1E7A4F7556}") = "Kampİntro", "Kampİntro\Kampİntro.csproj", "{D944E2B5-98AD-4123-B053-A26C79B684AE}"
EndProject
Project("{9A19103F-16F7-4668-BE54-9A1E7A4F7556}") = "Donguler", "Donguler\Donguler.csproj", "{F926B03F-C498-444D-81BB-41DCAF8E654D}"
EndProject
Project("{9A19103F-16F7-4668-BE54-9A1E7A4F7556}") = "Classİntro", "Classİntro\Classİntro.csproj", "{6F6BE81C-1BE8-4736-A4B0-BF88020528A8}"
EndProject
Project("{9A19103F-16F7-4668-BE54-9A1E7A4F7556}") = "Metotlar", "Metotlar\Metotlar.csproj", "{6072AB68-11DB-48AA-8FE8-4F560F6AFACA}"
EndProject
Project("{9A19103F-16F7-4668-BE54-9A1E7A4F7556}") = "Matematik", "Matematik\Matematik.csproj", "{31A919F6-9644-456D-AF09-30136E61F1E5}"
EndProject
Project("{9A19103F-16F7-4668-BE54-9A1E7A4F7556}") = "DegerVeReferanTipler", "DegerVeReferanTipler\DegerVeReferanTipler.csproj", "{12D0C1BB-ECDE-48B1-AF8A-7AFC13C6F0AE}"
EndProject
Project("{FAE04EC0-301F-11D3-BF4B-00C04F79EFBC}") = "OOP1", "OOP1\OOP1.csproj", "{4C6B874B-AE47-4187-97FE-EAEB834F137C}"
EndProject
Project("{FAE04EC0-301F-11D3-BF4B-00C04F79EFBC}") = "Koleksiyonlar", "Koleksiyonlar\Koleksiyonlar.csproj", "{89D41AD0-BF38-4A57-ABF4-93444DC98FDE}"
EndProject
Project("{FAE04EC0-301F-11D3-BF4B-00C04F79EFBC}") = "GenericsIntro", "GenericsIntro\GenericsIntro.csproj", "{7A44676E-1602-4471-B962-35FD202CC7DA}"
EndProject
Global
	GlobalSection(SolutionConfigurationPlatforms) = preSolution
		Debug|Any CPU = Debug|Any CPU
		Release|Any CPU = Release|Any CPU
	EndGlobalSection
	GlobalSection(ProjectConfigurationPlatforms) = postSolution
		{D944E2B5-98AD-4123-B053-A26C79B684AE}.Debug|Any CPU.ActiveCfg = Debug|Any CPU
		{D944E2B5-98AD-4123-B053-A26C79B684AE}.Debug|Any CPU.Build.0 = Debug|Any CPU
		{D944E2B5-98AD-4123-B053-A26C79B684AE}.Release|Any CPU.ActiveCfg = Release|Any CPU
		{D944E2B5-98AD-4123-B053-A26C79B684AE}.Release|Any CPU.Build.0 = Release|Any CPU
		{F926B03F-C498-444D-81BB-41DCAF8E654D}.Debug|Any CPU.ActiveCfg = Debug|Any CPU
		{F926B03F-C498-444D-81BB-41DCAF8E654D}.Debug|Any CPU.Build.0 = Debug|Any CPU
		{F926B03F-C498-444D-81BB-41DCAF8E654D}.Release|Any CPU.ActiveCfg = Release|Any CPU
		{F926B03F-C498-444D-81BB-41DCAF8E654D}.Release|Any CPU.Build.0 = Release|Any CPU
		{6F6BE81C-1BE8-4736-A4B0-BF88020528A8}.Debug|Any CPU.ActiveCfg = Debug|Any CPU
		{6F6BE81C-1BE8-4736-A4B0-BF88020528A8}.Debug|Any CPU.Build.0 = Debug|Any CPU
		{6F6BE81C-1BE8-4736-A4B0-BF88020528A8}.Release|Any CPU.ActiveCfg = Release|Any CPU
		{6F6BE81C-1BE8-4736-A4B0-BF88020528A8}.Release|Any CPU.Build.0 = Release|Any CPU
		{6072AB68-11DB-48AA-8FE8-4F560F6AFACA}.Debug|Any CPU.ActiveCfg = Debug|Any CPU
		{6072AB68-11DB-48AA-8FE8-4F560F6AFACA}.Debug|Any CPU.Build.0 = Debug|Any CPU
		{6072AB68-11DB-48AA-8FE8-4F560F6AFACA}.Release|Any CPU.ActiveCfg = Release|Any CPU
		{6072AB68-11DB-48AA-8FE8-4F560F6AFACA}.Release|Any CPU.Build.0 = Release|Any CPU
		{31A919F6-9644-456D-AF09-30136E61F1E5}.Debug|Any CPU.ActiveCfg = Debug|Any CPU
		{31A919F6-9644-456D-AF09-30136E61F1E5}.Debug|Any CPU.Build.0 = Debug|Any CPU
		{31A919F6-9644-456D-AF09-30136E61F1E5}.Release|Any CPU.ActiveCfg = Release|Any CPU
		{31A919F6-9644-456D-AF09-30136E61F1E5}.Release|Any CPU.Build.0 = Release|Any CPU
		{12D0C1BB-ECDE-48B1-AF8A-7AFC13C6F0AE}.Debug|Any CPU.ActiveCfg = Debug|Any CPU
		{12D0C1BB-ECDE-48B1-AF8A-7AFC13C6F0AE}.Debug|Any CPU.Build.0 = Debug|Any CPU
		{12D0C1BB-ECDE-48B1-AF8A-7AFC13C6F0AE}.Release|Any CPU.ActiveCfg = Release|Any CPU
		{12D0C1BB-ECDE-48B1-AF8A-7AFC13C6F0AE}.Release|Any CPU.Build.0 = Release|Any CPU
		{4C6B874B-AE47-4187-97FE-EAEB834F137C}.Debug|Any CPU.ActiveCfg = Debug|Any CPU
		{4C6B874B-AE47-4187-97FE-EAEB834F137C}.Debug|Any CPU.Build.0 = Debug|Any CPU
		{4C6B874B-AE47-4187-97FE-EAEB834F137C}.Release|Any CPU.ActiveCfg = Release|Any CPU
		{4C6B874B-AE47-4187-97FE-EAEB834F137C}.Release|Any CPU.Build.0 = Release|Any CPU
		{89D41AD0-BF38-4A57-ABF4-93444DC98FDE}.Debug|Any CPU.ActiveCfg = Debug|Any CPU
		{89D41AD0-BF38-4A57-ABF4-93444DC98FDE}.Debug|Any CPU.Build.0 = Debug|Any CPU
		{89D41AD0-BF38-4A57-ABF4-93444DC98FDE}.Release|Any CPU.ActiveCfg = Release|Any CPU
		{89D41AD0-BF38-4A57-ABF4-93444DC98FDE}.Release|Any CPU.Build.0 = Release|Any CPU
		{7A44676E-1602-4471-B962-35FD202CC7DA}.Debug|Any CPU.ActiveCfg = Debug|Any CPU
		{7A44676E-1602-4471-B962-35FD202CC7DA}.Debug|Any CPU.Build.0 = Debug|Any CPU
		{7A44676E-1602-4471-B962-35FD202CC7DA}.Release|Any CPU.ActiveCfg = Release|Any CPU
		{7A44676E-1602-4471-B962-35FD202CC7DA}.Release|Any CPU.Build.0 = Release|Any CPU
	EndGlobalSection
	GlobalSection(SolutionProperties) = preSolution
		HideSolutionNode = FALSE
	EndGlobalSection
	GlobalSection(ExtensibilityGlobals) = postSolution
		SolutionGuid = {2D03533D-8AC2-45A2-B24D-9CBD24180A8D}
	EndGlobalSection
EndGlobal
